// !$*UTF8*$!
{
	archiveVersion = 1;
	classes = {
	};
	objectVersion = 56;
	objects = {

/* Begin PBXBuildFile section */
		2B31F6FA2C78CC0D00DB9438 /* AppDelegate.swift in Sources */ = {isa = PBXBuildFile; fileRef = 2B31F6F92C78CC0D00DB9438 /* AppDelegate.swift */; };
		2B31F6FC2C78CC0D00DB9438 /* SceneDelegate.swift in Sources */ = {isa = PBXBuildFile; fileRef = 2B31F6FB2C78CC0D00DB9438 /* SceneDelegate.swift */; };
		2B31F6FE2C78CC0D00DB9438 /* ViewController.swift in Sources */ = {isa = PBXBuildFile; fileRef = 2B31F6FD2C78CC0D00DB9438 /* ViewController.swift */; };
		2B31F7012C78CC0D00DB9438 /* Main.storyboard in Resources */ = {isa = PBXBuildFile; fileRef = 2B31F6FF2C78CC0D00DB9438 /* Main.storyboard */; };
		2B31F7032C78CC1000DB9438 /* Assets.xcassets in Resources */ = {isa = PBXBuildFile; fileRef = 2B31F7022C78CC1000DB9438 /* Assets.xcassets */; };
		2B31F7062C78CC1000DB9438 /* LaunchScreen.storyboard in Resources */ = {isa = PBXBuildFile; fileRef = 2B31F7042C78CC1000DB9438 /* LaunchScreen.storyboard */; };
		2B6BA9A72C79D54F00F46583 /* ImageCarouselViewModel.swift in Sources */ = {isa = PBXBuildFile; fileRef = 2B6BA9A62C79D54F00F46583 /* ImageCarouselViewModel.swift */; };
		2B6BA9A92C79D56C00F46583 /* ListViewModel.swift in Sources */ = {isa = PBXBuildFile; fileRef = 2B6BA9A82C79D56C00F46583 /* ListViewModel.swift */; };
		2B6BA9AB2C79D5D400F46583 /* ImageCarouselCollectionViewCell.swift in Sources */ = {isa = PBXBuildFile; fileRef = 2B6BA9AA2C79D5D400F46583 /* ImageCarouselCollectionViewCell.swift */; };
		2B6BA9AD2C79D5EB00F46583 /* ListTableViewCell.swift in Sources */ = {isa = PBXBuildFile; fileRef = 2B6BA9AC2C79D5EB00F46583 /* ListTableViewCell.swift */; };
		2B6BA9AF2C79D60800F46583 /* BottomSheetViewController.swift in Sources */ = {isa = PBXBuildFile; fileRef = 2B6BA9AE2C79D60800F46583 /* BottomSheetViewController.swift */; };
		2BB4B1F62C7B2AA70079826F /* ImageCarousalUsecase.swift in Sources */ = {isa = PBXBuildFile; fileRef = 2BB4B1F52C7B2AA70079826F /* ImageCarousalUsecase.swift */; };
		2BC1E05F2C7A300E0095436C /* DataModel.swift in Sources */ = {isa = PBXBuildFile; fileRef = 2BC1E05E2C7A300E0095436C /* DataModel.swift */; };
/* End PBXBuildFile section */

/* Begin PBXFileReference section */
		2B31F6F62C78CC0D00DB9438 /* ImageCarousalSwift.app */ = {isa = PBXFileReference; explicitFileType = wrapper.application; includeInIndex = 0; path = ImageCarousalSwift.app; sourceTree = BUILT_PRODUCTS_DIR; };
		2B31F6F92C78CC0D00DB9438 /* AppDelegate.swift */ = {isa = PBXFileReference; lastKnownFileType = sourcecode.swift; path = AppDelegate.swift; sourceTree = "<group>"; };
		2B31F6FB2C78CC0D00DB9438 /* SceneDelegate.swift */ = {isa = PBXFileReference; lastKnownFileType = sourcecode.swift; path = SceneDelegate.swift; sourceTree = "<group>"; };
		2B31F6FD2C78CC0D00DB9438 /* ViewController.swift */ = {isa = PBXFileReference; lastKnownFileType = sourcecode.swift; path = ViewController.swift; sourceTree = "<group>"; };
		2B31F7002C78CC0D00DB9438 /* Base */ = {isa = PBXFileReference; lastKnownFileType = file.storyboard; name = Base; path = Base.lproj/Main.storyboard; sourceTree = "<group>"; };
		2B31F7022C78CC1000DB9438 /* Assets.xcassets */ = {isa = PBXFileReference; lastKnownFileType = folder.assetcatalog; path = Assets.xcassets; sourceTree = "<group>"; };
		2B31F7052C78CC1000DB9438 /* Base */ = {isa = PBXFileReference; lastKnownFileType = file.storyboard; name = Base; path = Base.lproj/LaunchScreen.storyboard; sourceTree = "<group>"; };
		2B31F7072C78CC1000DB9438 /* Info.plist */ = {isa = PBXFileReference; lastKnownFileType = text.plist.xml; path = Info.plist; sourceTree = "<group>"; };
		2B6BA9A62C79D54F00F46583 /* ImageCarouselViewModel.swift */ = {isa = PBXFileReference; lastKnownFileType = sourcecode.swift; path = ImageCarouselViewModel.swift; sourceTree = "<group>"; };
		2B6BA9A82C79D56C00F46583 /* ListViewModel.swift */ = {isa = PBXFileReference; lastKnownFileType = sourcecode.swift; path = ListViewModel.swift; sourceTree = "<group>"; };
		2B6BA9AA2C79D5D400F46583 /* ImageCarouselCollectionViewCell.swift */ = {isa = PBXFileReference; lastKnownFileType = sourcecode.swift; path = ImageCarouselCollectionViewCell.swift; sourceTree = "<group>"; };
		2B6BA9AC2C79D5EB00F46583 /* ListTableViewCell.swift */ = {isa = PBXFileReference; lastKnownFileType = sourcecode.swift; path = ListTableViewCell.swift; sourceTree = "<group>"; };
		2B6BA9AE2C79D60800F46583 /* BottomSheetViewController.swift */ = {isa = PBXFileReference; lastKnownFileType = sourcecode.swift; path = BottomSheetViewController.swift; sourceTree = "<group>"; };
		2BB4B1F52C7B2AA70079826F /* ImageCarousalUsecase.swift */ = {isa = PBXFileReference; lastKnownFileType = sourcecode.swift; path = ImageCarousalUsecase.swift; sourceTree = "<group>"; };
		2BC1E05E2C7A300E0095436C /* DataModel.swift */ = {isa = PBXFileReference; lastKnownFileType = sourcecode.swift; path = DataModel.swift; sourceTree = "<group>"; };
/* End PBXFileReference section */

/* Begin PBXFrameworksBuildPhase section */
		2B31F6F32C78CC0D00DB9438 /* Frameworks */ = {
			isa = PBXFrameworksBuildPhase;
			buildActionMask = 2147483647;
			files = (
			);
			runOnlyForDeploymentPostprocessing = 0;
		};
/* End PBXFrameworksBuildPhase section */

/* Begin PBXGroup section */
		2B31F6ED2C78CC0D00DB9438 = {
			isa = PBXGroup;
			children = (
				2B31F6F82C78CC0D00DB9438 /* ImageCarousalSwift */,
				2B31F6F72C78CC0D00DB9438 /* Products */,
			);
			sourceTree = "<group>";
		};
		2B31F6F72C78CC0D00DB9438 /* Products */ = {
			isa = PBXGroup;
			children = (
				2B31F6F62C78CC0D00DB9438 /* ImageCarousalSwift.app */,
			);
			name = Products;
			sourceTree = "<group>";
		};
		2B31F6F82C78CC0D00DB9438 /* ImageCarousalSwift */ = {
			isa = PBXGroup;
			children = (
				2BB4B1F22C7B2A3D0079826F /* Data */,
				2BB4B1F32C7B2A640079826F /* Domain */,
				2BB4B1F42C7B2A6F0079826F /* Presentation */,
				2B31F6F92C78CC0D00DB9438 /* AppDelegate.swift */,
				2B31F6FB2C78CC0D00DB9438 /* SceneDelegate.swift */,
				2B31F6FF2C78CC0D00DB9438 /* Main.storyboard */,
				2B31F7022C78CC1000DB9438 /* Assets.xcassets */,
				2B31F7042C78CC1000DB9438 /* LaunchScreen.storyboard */,
				2B31F7072C78CC1000DB9438 /* Info.plist */,
			);
			path = ImageCarousalSwift;
			sourceTree = "<group>";
		};
		2B6BA9B02C79DD3A00F46583 /* View */ = {
			isa = PBXGroup;
			children = (
				2B31F6FD2C78CC0D00DB9438 /* ViewController.swift */,
				2B6BA9AA2C79D5D400F46583 /* ImageCarouselCollectionViewCell.swift */,
				2B6BA9AC2C79D5EB00F46583 /* ListTableViewCell.swift */,
				2B6BA9AE2C79D60800F46583 /* BottomSheetViewController.swift */,
			);
			path = View;
			sourceTree = "<group>";
		};
		2B6BA9B12C79DD4700F46583 /* ViewModel */ = {
			isa = PBXGroup;
			children = (
				2B6BA9A62C79D54F00F46583 /* ImageCarouselViewModel.swift */,
				2B6BA9A82C79D56C00F46583 /* ListViewModel.swift */,
			);
			path = ViewModel;
			sourceTree = "<group>";
		};
		2BB4B1F22C7B2A3D0079826F /* Data */ = {
			isa = PBXGroup;
			children = (
				2BC1E05D2C7A2FF40095436C /* Model */,
			);
			path = Data;
			sourceTree = "<group>";
		};
		2BB4B1F32C7B2A640079826F /* Domain */ = {
			isa = PBXGroup;
			children = (
				2BB4B1F52C7B2AA70079826F /* ImageCarousalUsecase.swift */,
			);
			path = Domain;
			sourceTree = "<group>";
		};
		2BB4B1F42C7B2A6F0079826F /* Presentation */ = {
			isa = PBXGroup;
			children = (
				2B6BA9B12C79DD4700F46583 /* ViewModel */,
				2B6BA9B02C79DD3A00F46583 /* View */,
			);
			path = Presentation;
			sourceTree = "<group>";
		};
		2BC1E05D2C7A2FF40095436C /* Model */ = {
			isa = PBXGroup;
			children = (
				2BC1E05E2C7A300E0095436C /* DataModel.swift */,
			);
			path = Model;
			sourceTree = "<group>";
		};
/* End PBXGroup section */

/* Begin PBXNativeTarget section */
		2B31F6F52C78CC0D00DB9438 /* ImageCarousalSwift */ = {
			isa = PBXNativeTarget;
			buildConfigurationList = 2B31F70A2C78CC1000DB9438 /* Build configuration list for PBXNativeTarget "ImageCarousalSwift" */;
			buildPhases = (
				2B31F6F22C78CC0D00DB9438 /* Sources */,
				2B31F6F32C78CC0D00DB9438 /* Frameworks */,
				2B31F6F42C78CC0D00DB9438 /* Resources */,
			);
			buildRules = (
			);
			dependencies = (
			);
			name = ImageCarousalSwift;
			productName = ImageCarousalSwift;
			productReference = 2B31F6F62C78CC0D00DB9438 /* ImageCarousalSwift.app */;
			productType = "com.apple.product-type.application";
		};
/* End PBXNativeTarget section */

/* Begin PBXProject section */
		2B31F6EE2C78CC0D00DB9438 /* Project object */ = {
			isa = PBXProject;
			attributes = {
				BuildIndependentTargetsInParallel = 1;
				LastSwiftUpdateCheck = 1510;
				LastUpgradeCheck = 1510;
				TargetAttributes = {
					2B31F6F52C78CC0D00DB9438 = {
						CreatedOnToolsVersion = 15.1;
					};
				};
			};
			buildConfigurationList = 2B31F6F12C78CC0D00DB9438 /* Build configuration list for PBXProject "ImageCarousalSwift" */;
			compatibilityVersion = "Xcode 14.0";
			developmentRegion = en;
			hasScannedForEncodings = 0;
			knownRegions = (
				en,
				Base,
			);
			mainGroup = 2B31F6ED2C78CC0D00DB9438;
			productRefGroup = 2B31F6F72C78CC0D00DB9438 /* Products */;
			projectDirPath = "";
			projectRoot = "";
			targets = (
				2B31F6F52C78CC0D00DB9438 /* ImageCarousalSwift */,
			);
		};
/* End PBXProject section */

/* Begin PBXResourcesBuildPhase section */
		2B31F6F42C78CC0D00DB9438 /* Resources */ = {
			isa = PBXResourcesBuildPhase;
			buildActionMask = 2147483647;
			files = (
				2B31F7062C78CC1000DB9438 /* LaunchScreen.storyboard in Resources */,
				2B31F7032C78CC1000DB9438 /* Assets.xcassets in Resources */,
				2B31F7012C78CC0D00DB9438 /* Main.storyboard in Resources */,
			);
			runOnlyForDeploymentPostprocessing = 0;
		};
/* End PBXResourcesBuildPhase section */

/* Begin PBXSourcesBuildPhase section */
		2B31F6F22C78CC0D00DB9438 /* Sources */ = {
			isa = PBXSourcesBuildPhase;
			buildActionMask = 2147483647;
			files = (
				2B6BA9AD2C79D5EB00F46583 /* ListTableViewCell.swift in Sources */,
				2B6BA9AB2C79D5D400F46583 /* ImageCarouselCollectionViewCell.swift in Sources */,
				2B6BA9A92C79D56C00F46583 /* ListViewModel.swift in Sources */,
				2B6BA9A72C79D54F00F46583 /* ImageCarouselViewModel.swift in Sources */,
				2B31F6FE2C78CC0D00DB9438 /* ViewController.swift in Sources */,
				2B31F6FA2C78CC0D00DB9438 /* AppDelegate.swift in Sources */,
				2B31F6FC2C78CC0D00DB9438 /* SceneDelegate.swift in Sources */,
				2BB4B1F62C7B2AA70079826F /* ImageCarousalUsecase.swift in Sources */,
				2B6BA9AF2C79D60800F46583 /* BottomSheetViewController.swift in Sources */,
				2BC1E05F2C7A300E0095436C /* DataModel.swift in Sources */,
			);
			runOnlyForDeploymentPostprocessing = 0;
		};
/* End PBXSourcesBuildPhase section */

/* Begin PBXVariantGroup section */
		2B31F6FF2C78CC0D00DB9438 /* Main.storyboard */ = {
			isa = PBXVariantGroup;
			children = (
				2B31F7002C78CC0D00DB9438 /* Base */,
			);
			name = Main.storyboard;
			sourceTree = "<group>";
		};
		2B31F7042C78CC1000DB9438 /* LaunchScreen.storyboard */ = {
			isa = PBXVariantGroup;
			children = (
				2B31F7052C78CC1000DB9438 /* Base */,
			);
			name = LaunchScreen.storyboard;
			sourceTree = "<group>";
		};
/* End PBXVariantGroup section */

/* Begin XCBuildConfiguration section */
		2B31F7082C78CC1000DB9438 /* Debug */ = {
			isa = XCBuildConfiguration;
			buildSettings = {
				ALWAYS_SEARCH_USER_PATHS = NO;
				ASSETCATALOG_COMPILER_GENERATE_SWIFT_ASSET_SYMBOL_EXTENSIONS = YES;
				CLANG_ANALYZER_NONNULL = YES;
				CLANG_ANALYZER_NUMBER_OBJECT_CONVERSION = YES_AGGRESSIVE;
				CLANG_CXX_LANGUAGE_STANDARD = "gnu++20";
				CLANG_ENABLE_MODULES = YES;
				CLANG_ENABLE_OBJC_ARC = YES;
				CLANG_ENABLE_OBJC_WEAK = YES;
				CLANG_WARN_BLOCK_CAPTURE_AUTORELEASING = YES;
				CLANG_WARN_BOOL_CONVERSION = YES;
				CLANG_WARN_COMMA = YES;
				CLANG_WARN_CONSTANT_CONVERSION = YES;
				CLANG_WARN_DEPRECATED_OBJC_IMPLEMENTATIONS = YES;
				CLANG_WARN_DIRECT_OBJC_ISA_USAGE = YES_ERROR;
				CLANG_WARN_DOCUMENTATION_COMMENTS = YES;
				CLANG_WARN_EMPTY_BODY = YES;
				CLANG_WARN_ENUM_CONVERSION = YES;
				CLANG_WARN_INFINITE_RECURSION = YES;
				CLANG_WARN_INT_CONVERSION = YES;
				CLANG_WARN_NON_LITERAL_NULL_CONVERSION = YES;
				CLANG_WARN_OBJC_IMPLICIT_RETAIN_SELF = YES;
				CLANG_WARN_OBJC_LITERAL_CONVERSION = YES;
				CLANG_WARN_OBJC_ROOT_CLASS = YES_ERROR;
				CLANG_WARN_QUOTED_INCLUDE_IN_FRAMEWORK_HEADER = YES;
				CLANG_WARN_RANGE_LOOP_ANALYSIS = YES;
				CLANG_WARN_STRICT_PROTOTYPES = YES;
				CLANG_WARN_SUSPICIOUS_MOVE = YES;
				CLANG_WARN_UNGUARDED_AVAILABILITY = YES_AGGRESSIVE;
				CLANG_WARN_UNREACHABLE_CODE = YES;
				CLANG_WARN__DUPLICATE_METHOD_MATCH = YES;
				COPY_PHASE_STRIP = NO;
				DEBUG_INFORMATION_FORMAT = dwarf;
				ENABLE_STRICT_OBJC_MSGSEND = YES;
				ENABLE_TESTABILITY = YES;
				ENABLE_USER_SCRIPT_SANDBOXING = YES;
				GCC_C_LANGUAGE_STANDARD = gnu17;
				GCC_DYNAMIC_NO_PIC = NO;
				GCC_NO_COMMON_BLOCKS = YES;
				GCC_OPTIMIZATION_LEVEL = 0;
				GCC_PREPROCESSOR_DEFINITIONS = (
					"DEBUG=1",
					"$(inherited)",
				);
				GCC_WARN_64_TO_32_BIT_CONVERSION = YES;
				GCC_WARN_ABOUT_RETURN_TYPE = YES_ERROR;
				GCC_WARN_UNDECLARED_SELECTOR = YES;
				GCC_WARN_UNINITIALIZED_AUTOS = YES_AGGRESSIVE;
				GCC_WARN_UNUSED_FUNCTION = YES;
				GCC_WARN_UNUSED_VARIABLE = YES;
				IPHONEOS_DEPLOYMENT_TARGET = 17.2;
				LOCALIZATION_PREFERS_STRING_CATALOGS = YES;
				MTL_ENABLE_DEBUG_INFO = INCLUDE_SOURCE;
				MTL_FAST_MATH = YES;
				ONLY_ACTIVE_ARCH = YES;
				SDKROOT = iphoneos;
				SWIFT_ACTIVE_COMPILATION_CONDITIONS = "DEBUG $(inherited)";
				SWIFT_OPTIMIZATION_LEVEL = "-Onone";
			};
			name = Debug;
		};
		2B31F7092C78CC1000DB9438 /* Release */ = {
			isa = XCBuildConfiguration;
			buildSettings = {
				ALWAYS_SEARCH_USER_PATHS = NO;
				ASSETCATALOG_COMPILER_GENERATE_SWIFT_ASSET_SYMBOL_EXTENSIONS = YES;
				CLANG_ANALYZER_NONNULL = YES;
				CLANG_ANALYZER_NUMBER_OBJECT_CONVERSION = YES_AGGRESSIVE;
				CLANG_CXX_LANGUAGE_STANDARD = "gnu++20";
				CLANG_ENABLE_MODULES = YES;
				CLANG_ENABLE_OBJC_ARC = YES;
				CLANG_ENABLE_OBJC_WEAK = YES;
				CLANG_WARN_BLOCK_CAPTURE_AUTORELEASING = YES;
				CLANG_WARN_BOOL_CONVERSION = YES;
				CLANG_WARN_COMMA = YES;
				CLANG_WARN_CONSTANT_CONVERSION = YES;
				CLANG_WARN_DEPRECATED_OBJC_IMPLEMENTATIONS = YES;
				CLANG_WARN_DIRECT_OBJC_ISA_USAGE = YES_ERROR;
				CLANG_WARN_DOCUMENTATION_COMMENTS = YES;
				CLANG_WARN_EMPTY_BODY = YES;
				CLANG_WARN_ENUM_CONVERSION = YES;
				CLANG_WARN_INFINITE_RECURSION = YES;
				CLANG_WARN_INT_CONVERSION = YES;
				CLANG_WARN_NON_LITERAL_NULL_CONVERSION = YES;
				CLANG_WARN_OBJC_IMPLICIT_RETAIN_SELF = YES;
				CLANG_WARN_OBJC_LITERAL_CONVERSION = YES;
				CLANG_WARN_OBJC_ROOT_CLASS = YES_ERROR;
				CLANG_WARN_QUOTED_INCLUDE_IN_FRAMEWORK_HEADER = YES;
				CLANG_WARN_RANGE_LOOP_ANALYSIS = YES;
				CLANG_WARN_STRICT_PROTOTYPES = YES;
				CLANG_WARN_SUSPICIOUS_MOVE = YES;
				CLANG_WARN_UNGUARDED_AVAILABILITY = YES_AGGRESSIVE;
				CLANG_WARN_UNREACHABLE_CODE = YES;
				CLANG_WARN__DUPLICATE_METHOD_MATCH = YES;
				COPY_PHASE_STRIP = NO;
				DEBUG_INFORMATION_FORMAT = "dwarf-with-dsym";
				ENABLE_NS_ASSERTIONS = NO;
				ENABLE_STRICT_OBJC_MSGSEND = YES;
				ENABLE_USER_SCRIPT_SANDBOXING = YES;
				GCC_C_LANGUAGE_STANDARD = gnu17;
				GCC_NO_COMMON_BLOCKS = YES;
				GCC_WARN_64_TO_32_BIT_CONVERSION = YES;
				GCC_WARN_ABOUT_RETURN_TYPE = YES_ERROR;
				GCC_WARN_UNDECLARED_SELECTOR = YES;
				GCC_WARN_UNINITIALIZED_AUTOS = YES_AGGRESSIVE;
				GCC_WARN_UNUSED_FUNCTION = YES;
				GCC_WARN_UNUSED_VARIABLE = YES;
				IPHONEOS_DEPLOYMENT_TARGET = 17.2;
				LOCALIZATION_PREFERS_STRING_CATALOGS = YES;
				MTL_ENABLE_DEBUG_INFO = NO;
				MTL_FAST_MATH = YES;
				SDKROOT = iphoneos;
				SWIFT_COMPILATION_MODE = wholemodule;
				VALIDATE_PRODUCT = YES;
			};
			name = Release;
		};
		2B31F70B2C78CC1000DB9438 /* Debug */ = {
			isa = XCBuildConfiguration;
			buildSettings = {
				ASSETCATALOG_COMPILER_APPICON_NAME = AppIcon;
				ASSETCATALOG_COMPILER_GLOBAL_ACCENT_COLOR_NAME = AccentColor;
				CODE_SIGN_STYLE = Automatic;
				CURRENT_PROJECT_VERSION = 1;
				GENERATE_INFOPLIST_FILE = YES;
				INFOPLIST_FILE = ImageCarousalSwift/Info.plist;
				INFOPLIST_KEY_UIApplicationSupportsIndirectInputEvents = YES;
				INFOPLIST_KEY_UILaunchStoryboardName = LaunchScreen;
				INFOPLIST_KEY_UIMainStoryboardFile = Main;
				INFOPLIST_KEY_UISupportedInterfaceOrientations_iPad = "UIInterfaceOrientationPortrait UIInterfaceOrientationPortraitUpsideDown UIInterfaceOrientationLandscapeLeft UIInterfaceOrientationLandscapeRight";
				INFOPLIST_KEY_UISupportedInterfaceOrientations_iPhone = "UIInterfaceOrientationPortrait UIInterfaceOrientationLandscapeLeft UIInterfaceOrientationLandscapeRight";
				LD_RUNPATH_SEARCH_PATHS = (
					"$(inherited)",
					"@executable_path/Frameworks",
				);
				MARKETING_VERSION = 1.0;
				PRODUCT_BUNDLE_IDENTIFIER = com.com.ImageCarousalSwift;
				PRODUCT_NAME = "$(TARGET_NAME)";
				SWIFT_EMIT_LOC_STRINGS = YES;
				SWIFT_VERSION = 5.0;
				TARGETED_DEVICE_FAMILY = "1,2";
			};
			name = Debug;
		};
		2B31F70C2C78CC1000DB9438 /* Release */ = {
			isa = XCBuildConfiguration;
			buildSettings = {
				ASSETCATALOG_COMPILER_APPICON_NAME = AppIcon;
				ASSETCATALOG_COMPILER_GLOBAL_ACCENT_COLOR_NAME = AccentColor;
				CODE_SIGN_STYLE = Automatic;
				CURRENT_PROJECT_VERSION = 1;
				GENERATE_INFOPLIST_FILE = YES;
				INFOPLIST_FILE = ImageCarousalSwift/Info.plist;
				INFOPLIST_KEY_UIApplicationSupportsIndirectInputEvents = YES;
				INFOPLIST_KEY_UILaunchStoryboardName = LaunchScreen;
				INFOPLIST_KEY_UIMainStoryboardFile = Main;
				INFOPLIST_KEY_UISupportedInterfaceOrientations_iPad = "UIInterfaceOrientationPortrait UIInterfaceOrientationPortraitUpsideDown UIInterfaceOrientationLandscapeLeft UIInterfaceOrientationLandscapeRight";
				INFOPLIST_KEY_UISupportedInterfaceOrientations_iPhone = "UIInterfaceOrientationPortrait UIInterfaceOrientationLandscapeLeft UIInterfaceOrientationLandscapeRight";
				LD_RUNPATH_SEARCH_PATHS = (
					"$(inherited)",
					"@executable_path/Frameworks",
				);
				MARKETING_VERSION = 1.0;
				PRODUCT_BUNDLE_IDENTIFIER = com.com.ImageCarousalSwift;
				PRODUCT_NAME = "$(TARGET_NAME)";
				SWIFT_EMIT_LOC_STRINGS = YES;
				SWIFT_VERSION = 5.0;
				TARGETED_DEVICE_FAMILY = "1,2";
			};
			name = Release;
		};
/* End XCBuildConfiguration section */

/* Begin XCConfigurationList section */
		2B31F6F12C78CC0D00DB9438 /* Build configuration list for PBXProject "ImageCarousalSwift" */ = {
			isa = XCConfigurationList;
			buildConfigurations = (
				2B31F7082C78CC1000DB9438 /* Debug */,
				2B31F7092C78CC1000DB9438 /* Release */,
			);
			defaultConfigurationIsVisible = 0;
			defaultConfigurationName = Release;
		};
		2B31F70A2C78CC1000DB9438 /* Build configuration list for PBXNativeTarget "ImageCarousalSwift" */ = {
			isa = XCConfigurationList;
			buildConfigurations = (
				2B31F70B2C78CC1000DB9438 /* Debug */,
				2B31F70C2C78CC1000DB9438 /* Release */,
			);
			defaultConfigurationIsVisible = 0;
			defaultConfigurationName = Release;
		};
/* End XCConfigurationList section */
	};
	rootObject = 2B31F6EE2C78CC0D00DB9438 /* Project object */;
}
